Microsoft Visual Studio Solution File, Format Version 12.00
# Visual Studio 2012
Project("{FAE04EC0-301F-11D3-BF4B-00C04F79EFBC}") = "Premodern Client", "Premodern Client.csproj", "{4D16D467-ED94-4333-AB7F-D91B7959BA56}"
EndProject
Global
	GlobalSection(SolutionConfigurationPlatforms) = preSolution
	Debug|Any CPU = Debug|Any CPU
	ExportDebug|Any CPU = ExportDebug|Any CPU
	ExportRelease|Any CPU = ExportRelease|Any CPU
	EndGlobalSection
	GlobalSection(ProjectConfigurationPlatforms) = postSolution
		{4D16D467-ED94-4333-AB7F-D91B7959BA56}.Debug|Any CPU.ActiveCfg = Debug|Any CPU
		{4D16D467-ED94-4333-AB7F-D91B7959BA56}.Debug|Any CPU.Build.0 = Debug|Any CPU
		{4D16D467-ED94-4333-AB7F-D91B7959BA56}.ExportDebug|Any CPU.ActiveCfg = ExportDebug|Any CPU
		{4D16D467-ED94-4333-AB7F-D91B7959BA56}.ExportDebug|Any CPU.Build.0 = ExportDebug|Any CPU
		{4D16D467-ED94-4333-AB7F-D91B7959BA56}.ExportRelease|Any CPU.ActiveCfg = ExportRelease|Any CPU
		{4D16D467-ED94-4333-AB7F-D91B7959BA56}.ExportRelease|Any CPU.Build.0 = ExportRelease|Any CPU
	EndGlobalSection
EndGlobal
